
Microsoft Visual Studio Solution File, Format Version 12.00
# Visual Studio Version 17
VisualStudioVersion = 17.6.33829.357
MinimumVisualStudioVersion = 10.0.40219.1
Project("{FAE04EC0-301F-11D3-BF4B-00C04F79EFBC}") = "ReadAndAnalysis.Web", "ReadAndAnalysis.Web\ReadAndAnalysis.Web.csproj", "{7E1B4A6A-DF08-49CA-B2C8-66E06A2BA340}"
EndProject
Project("{FAE04EC0-301F-11D3-BF4B-00C04F79EFBC}") = "ReadAndAnalysis.Data", "ReadAndAnalysis.Data\ReadAndAnalysis.Data.csproj", "{96451FDB-CD2B-4CDB-A37C-786E4CD9B179}"
EndProject
Project("{FAE04EC0-301F-11D3-BF4B-00C04F79EFBC}") = "ReadAndAnalysis.App", "ReadAndAnalysis.App\ReadAndAnalysis.App.csproj", "{49A8B497-4126-4F38-A4F3-A273EF79B479}"
EndProject
Global
	GlobalSection(SolutionConfigurationPlatforms) = preSolution
		Debug|Any CPU = Debug|Any CPU
		Release|Any CPU = Release|Any CPU
	EndGlobalSection
	GlobalSection(ProjectConfigurationPlatforms) = postSolution
		{7E1B4A6A-DF08-49CA-B2C8-66E06A2BA340}.Debug|Any CPU.ActiveCfg = Debug|Any CPU
		{7E1B4A6A-DF08-49CA-B2C8-66E06A2BA340}.Debug|Any CPU.Build.0 = Debug|Any CPU
		{7E1B4A6A-DF08-49CA-B2C8-66E06A2BA340}.Release|Any CPU.ActiveCfg = Release|Any CPU
		{7E1B4A6A-DF08-49CA-B2C8-66E06A2BA340}.Release|Any CPU.Build.0 = Release|Any CPU
		{96451FDB-CD2B-4CDB-A37C-786E4CD9B179}.Debug|Any CPU.ActiveCfg = Debug|Any CPU
		{96451FDB-CD2B-4CDB-A37C-786E4CD9B179}.Debug|Any CPU.Build.0 = Debug|Any CPU
		{96451FDB-CD2B-4CDB-A37C-786E4CD9B179}.Release|Any CPU.ActiveCfg = Release|Any CPU
		{96451FDB-CD2B-4CDB-A37C-786E4CD9B179}.Release|Any CPU.Build.0 = Release|Any CPU
		{49A8B497-4126-4F38-A4F3-A273EF79B479}.Debug|Any CPU.ActiveCfg = Debug|Any CPU
		{49A8B497-4126-4F38-A4F3-A273EF79B479}.Debug|Any CPU.Build.0 = Debug|Any CPU
		{49A8B497-4126-4F38-A4F3-A273EF79B479}.Release|Any CPU.ActiveCfg = Release|Any CPU
		{49A8B497-4126-4F38-A4F3-A273EF79B479}.Release|Any CPU.Build.0 = Release|Any CPU
	EndGlobalSection
	GlobalSection(SolutionProperties) = preSolution
		HideSolutionNode = FALSE
	EndGlobalSection
	GlobalSection(ExtensibilityGlobals) = postSolution
		SolutionGuid = {D42000F8-B9DA-465B-A636-66BFAB3E4E4F}
	EndGlobalSection
EndGlobal
